// !$*UTF8*$!
{
	archiveVersion = 1;
	classes = {
	};
	objectVersion = 46;
	objects = {

/* Begin PBXBuildFile section */
		D8C817241C9FE95300B4FCA0 /* main.cpp in Sources */ = {isa = PBXBuildFile; fileRef = D8C817231C9FE95300B4FCA0 /* main.cpp */; };
		D8C8172C1C9FE96300B4FCA0 /* ct_thread.cpp in Sources */ = {isa = PBXBuildFile; fileRef = D8C8172A1C9FE96300B4FCA0 /* ct_thread.cpp */; };
		D8C8172F1C9FE9A500B4FCA0 /* set_server.cpp in Sources */ = {isa = PBXBuildFile; fileRef = D8C8172D1C9FE9A500B4FCA0 /* set_server.cpp */; };
		D8C817321C9FED8600B4FCA0 /* mt_set.cpp in Sources */ = {isa = PBXBuildFile; fileRef = D8C817301C9FED8600B4FCA0 /* mt_set.cpp */; };
/* End PBXBuildFile section */

/* Begin PBXCopyFilesBuildPhase section */
		D8C8171E1C9FE95300B4FCA0 /* CopyFiles */ = {
			isa = PBXCopyFilesBuildPhase;
			buildActionMask = 2147483647;
			dstPath = /usr/share/man/man1/;
			dstSubfolderSpec = 0;
			files = (
			);
			runOnlyForDeploymentPostprocessing = 1;
		};
/* End PBXCopyFilesBuildPhase section */

/* Begin PBXFileReference section */
		D8C817201C9FE95300B4FCA0 /* thread_frame_1 */ = {isa = PBXFileReference; explicitFileType = "compiled.mach-o.executable"; includeInIndex = 0; path = thread_frame_1; sourceTree = BUILT_PRODUCTS_DIR; };
		D8C817231C9FE95300B4FCA0 /* main.cpp */ = {isa = PBXFileReference; lastKnownFileType = sourcecode.cpp.cpp; path = main.cpp; sourceTree = "<group>"; };
		D8C8172A1C9FE96300B4FCA0 /* ct_thread.cpp */ = {isa = PBXFileReference; fileEncoding = 4; lastKnownFileType = sourcecode.cpp.cpp; path = ct_thread.cpp; sourceTree = "<group>"; };
		D8C8172B1C9FE96300B4FCA0 /* ct_thread.hpp */ = {isa = PBXFileReference; fileEncoding = 4; lastKnownFileType = sourcecode.cpp.h; path = ct_thread.hpp; sourceTree = "<group>"; };
		D8C8172D1C9FE9A500B4FCA0 /* set_server.cpp */ = {isa = PBXFileReference; fileEncoding = 4; lastKnownFileType = sourcecode.cpp.cpp; path = set_server.cpp; sourceTree = "<group>"; };
		D8C8172E1C9FE9A500B4FCA0 /* set_server.hpp */ = {isa = PBXFileReference; fileEncoding = 4; lastKnownFileType = sourcecode.cpp.h; path = set_server.hpp; sourceTree = "<group>"; };
		D8C817301C9FED8600B4FCA0 /* mt_set.cpp */ = {isa = PBXFileReference; fileEncoding = 4; lastKnownFileType = sourcecode.cpp.cpp; path = mt_set.cpp; sourceTree = "<group>"; };
		D8C817311C9FED8600B4FCA0 /* mt_set.hpp */ = {isa = PBXFileReference; fileEncoding = 4; lastKnownFileType = sourcecode.cpp.h; path = mt_set.hpp; sourceTree = "<group>"; };
/* End PBXFileReference section */

/* Begin PBXFrameworksBuildPhase section */
		D8C8171D1C9FE95300B4FCA0 /* Frameworks */ = {
			isa = PBXFrameworksBuildPhase;
			buildActionMask = 2147483647;
			files = (
			);
			runOnlyForDeploymentPostprocessing = 0;
		};
/* End PBXFrameworksBuildPhase section */

/* Begin PBXGroup section */
		D8C817171C9FE95300B4FCA0 = {
			isa = PBXGroup;
			children = (
				D8C817221C9FE95300B4FCA0 /* thread_frame_1 */,
				D8C817211C9FE95300B4FCA0 /* Products */,
			);
			sourceTree = "<group>";
		};
		D8C817211C9FE95300B4FCA0 /* Products */ = {
			isa = PBXGroup;
			children = (
				D8C817201C9FE95300B4FCA0 /* thread_frame_1 */,
			);
			name = Products;
			sourceTree = "<group>";
		};
		D8C817221C9FE95300B4FCA0 /* thread_frame_1 */ = {
			isa = PBXGroup;
			children = (
				D8C817231C9FE95300B4FCA0 /* main.cpp */,
				D8C8172A1C9FE96300B4FCA0 /* ct_thread.cpp */,
				D8C8172D1C9FE9A500B4FCA0 /* set_server.cpp */,
				D8C817301C9FED8600B4FCA0 /* mt_set.cpp */,
				D8C817311C9FED8600B4FCA0 /* mt_set.hpp */,
				D8C8172E1C9FE9A500B4FCA0 /* set_server.hpp */,
				D8C8172B1C9FE96300B4FCA0 /* ct_thread.hpp */,
			);
			path = thread_frame_1;
			sourceTree = "<group>";
		};
/* End PBXGroup section */

/* Begin PBXNativeTarget section */
		D8C8171F1C9FE95300B4FCA0 /* thread_frame_1 */ = {
			isa = PBXNativeTarget;
			buildConfigurationList = D8C817271C9FE95300B4FCA0 /* Build configuration list for PBXNativeTarget "thread_frame_1" */;
			buildPhases = (
				D8C8171C1C9FE95300B4FCA0 /* Sources */,
				D8C8171D1C9FE95300B4FCA0 /* Frameworks */,
				D8C8171E1C9FE95300B4FCA0 /* CopyFiles */,
			);
			buildRules = (
			);
			dependencies = (
			);
			name = thread_frame_1;
			productName = thread_frame_1;
			productReference = D8C817201C9FE95300B4FCA0 /* thread_frame_1 */;
			productType = "com.apple.product-type.tool";
		};
/* End PBXNativeTarget section */

/* Begin PBXProject section */
		D8C817181C9FE95300B4FCA0 /* Project object */ = {
			isa = PBXProject;
			attributes = {
				LastUpgradeCheck = 0720;
				ORGANIZATIONNAME = future;
				TargetAttributes = {
					D8C8171F1C9FE95300B4FCA0 = {
						CreatedOnToolsVersion = 7.2.1;
					};
				};
			};
			buildConfigurationList = D8C8171B1C9FE95300B4FCA0 /* Build configuration list for PBXProject "thread_frame_1" */;
			compatibilityVersion = "Xcode 3.2";
			developmentRegion = English;
			hasScannedForEncodings = 0;
			knownRegions = (
				en,
			);
			mainGroup = D8C817171C9FE95300B4FCA0;
			productRefGroup = D8C817211C9FE95300B4FCA0 /* Products */;
			projectDirPath = "";
			projectRoot = "";
			targets = (
				D8C8171F1C9FE95300B4FCA0 /* thread_frame_1 */,
			);
		};
/* End PBXProject section */

/* Begin PBXSourcesBuildPhase section */
		D8C8171C1C9FE95300B4FCA0 /* Sources */ = {
			isa = PBXSourcesBuildPhase;
			buildActionMask = 2147483647;
			files = (
				D8C8172C1C9FE96300B4FCA0 /* ct_thread.cpp in Sources */,
				D8C817241C9FE95300B4FCA0 /* main.cpp in Sources */,
				D8C8172F1C9FE9A500B4FCA0 /* set_server.cpp in Sources */,
				D8C817321C9FED8600B4FCA0 /* mt_set.cpp in Sources */,
			);
			runOnlyForDeploymentPostprocessing = 0;
		};
/* End PBXSourcesBuildPhase section */

/* Begin XCBuildConfiguration section */
		D8C817251C9FE95300B4FCA0 /* Debug */ = {
			isa = XCBuildConfiguration;
			buildSettings = {
				ALWAYS_SEARCH_USER_PATHS = NO;
				CLANG_CXX_LANGUAGE_STANDARD = "gnu++0x";
				CLANG_CXX_LIBRARY = "libc++";
				CLANG_ENABLE_MODULES = YES;
				CLANG_ENABLE_OBJC_ARC = YES;
				CLANG_WARN_BOOL_CONVERSION = YES;
				CLANG_WARN_CONSTANT_CONVERSION = YES;
				CLANG_WARN_DIRECT_OBJC_ISA_USAGE = YES_ERROR;
				CLANG_WARN_EMPTY_BODY = YES;
				CLANG_WARN_ENUM_CONVERSION = YES;
				CLANG_WARN_INT_CONVERSION = YES;
				CLANG_WARN_OBJC_ROOT_CLASS = YES_ERROR;
				CLANG_WARN_UNREACHABLE_CODE = YES;
				CLANG_WARN__DUPLICATE_METHOD_MATCH = YES;
				CODE_SIGN_IDENTITY = "-";
				COPY_PHASE_STRIP = NO;
				DEBUG_INFORMATION_FORMAT = dwarf;
				ENABLE_STRICT_OBJC_MSGSEND = YES;
				ENABLE_TESTABILITY = YES;
				GCC_C_LANGUAGE_STANDARD = gnu99;
				GCC_DYNAMIC_NO_PIC = NO;
				GCC_NO_COMMON_BLOCKS = YES;
				GCC_OPTIMIZATION_LEVEL = 0;
				GCC_PREPROCESSOR_DEFINITIONS = (
					"DEBUG=1",
					"$(inherited)",
				);
				GCC_WARN_64_TO_32_BIT_CONVERSION = YES;
				GCC_WARN_ABOUT_RETURN_TYPE = YES_ERROR;
				GCC_WARN_UNDECLARED_SELECTOR = YES;
				GCC_WARN_UNINITIALIZED_AUTOS = YES_AGGRESSIVE;
				GCC_WARN_UNUSED_FUNCTION = YES;
				GCC_WARN_UNUSED_VARIABLE = YES;
				MACOSX_DEPLOYMENT_TARGET = 10.11;
				MTL_ENABLE_DEBUG_INFO = YES;
				ONLY_ACTIVE_ARCH = YES;
				SDKROOT = macosx;
			};
			name = Debug;
		};
		D8C817261C9FE95300B4FCA0 /* Release */ = {
			isa = XCBuildConfiguration;
			buildSettings = {
				ALWAYS_SEARCH_USER_PATHS = NO;
				CLANG_CXX_LANGUAGE_STANDARD = "gnu++0x";
				CLANG_CXX_LIBRARY = "libc++";
				CLANG_ENABLE_MODULES = YES;
				CLANG_ENABLE_OBJC_ARC = YES;
				CLANG_WARN_BOOL_CONVERSION = YES;
				CLANG_WARN_CONSTANT_CONVERSION = YES;
				CLANG_WARN_DIRECT_OBJC_ISA_USAGE = YES_ERROR;
				CLANG_WARN_EMPTY_BODY = YES;
				CLANG_WARN_ENUM_CONVERSION = YES;
				CLANG_WARN_INT_CONVERSION = YES;
				CLANG_WARN_OBJC_ROOT_CLASS = YES_ERROR;
				CLANG_WARN_UNREACHABLE_CODE = YES;
				CLANG_WARN__DUPLICATE_METHOD_MATCH = YES;
				CODE_SIGN_IDENTITY = "-";
				COPY_PHASE_STRIP = NO;
				DEBUG_INFORMATION_FORMAT = "dwarf-with-dsym";
				ENABLE_NS_ASSERTIONS = NO;
				ENABLE_STRICT_OBJC_MSGSEND = YES;
				GCC_C_LANGUAGE_STANDARD = gnu99;
				GCC_NO_COMMON_BLOCKS = YES;
				GCC_WARN_64_TO_32_BIT_CONVERSION = YES;
				GCC_WARN_ABOUT_RETURN_TYPE = YES_ERROR;
				GCC_WARN_UNDECLARED_SELECTOR = YES;
				GCC_WARN_UNINITIALIZED_AUTOS = YES_AGGRESSIVE;
				GCC_WARN_UNUSED_FUNCTION = YES;
				GCC_WARN_UNUSED_VARIABLE = YES;
				MACOSX_DEPLOYMENT_TARGET = 10.11;
				MTL_ENABLE_DEBUG_INFO = NO;
				SDKROOT = macosx;
			};
			name = Release;
		};
		D8C817281C9FE95300B4FCA0 /* Debug */ = {
			isa = XCBuildConfiguration;
			buildSettings = {
				PRODUCT_NAME = "$(TARGET_NAME)";
			};
			name = Debug;
		};
		D8C817291C9FE95300B4FCA0 /* Release */ = {
			isa = XCBuildConfiguration;
			buildSettings = {
				PRODUCT_NAME = "$(TARGET_NAME)";
			};
			name = Release;
		};
/* End XCBuildConfiguration section */

/* Begin XCConfigurationList section */
		D8C8171B1C9FE95300B4FCA0 /* Build configuration list for PBXProject "thread_frame_1" */ = {
			isa = XCConfigurationList;
			buildConfigurations = (
				D8C817251C9FE95300B4FCA0 /* Debug */,
				D8C817261C9FE95300B4FCA0 /* Release */,
			);
			defaultConfigurationIsVisible = 0;
			defaultConfigurationName = Release;
		};
		D8C817271C9FE95300B4FCA0 /* Build configuration list for PBXNativeTarget "thread_frame_1" */ = {
			isa = XCConfigurationList;
			buildConfigurations = (
				D8C817281C9FE95300B4FCA0 /* Debug */,
				D8C817291C9FE95300B4FCA0 /* Release */,
			);
			defaultConfigurationIsVisible = 0;
		};
/* End XCConfigurationList section */
	};
	rootObject = D8C817181C9FE95300B4FCA0 /* Project object */;
}
