// !$*UTF8*$!
{
	archiveVersion = 1;
	classes = {
	};
	objectVersion = 46;
	objects = {

/* Begin PBXBuildFile section */
		D88A154F1CB2A0FA00CAC6F0 /* main.cpp in Sources */ = {isa = PBXBuildFile; fileRef = D88A154E1CB2A0FA00CAC6F0 /* main.cpp */; };
/* End PBXBuildFile section */

/* Begin PBXCopyFilesBuildPhase section */
		D88A15491CB2A0FA00CAC6F0 /* CopyFiles */ = {
			isa = PBXCopyFilesBuildPhase;
			buildActionMask = 2147483647;
			dstPath = /usr/share/man/man1/;
			dstSubfolderSpec = 0;
			files = (
			);
			runOnlyForDeploymentPostprocessing = 1;
		};
/* End PBXCopyFilesBuildPhase section */

/* Begin PBXFileReference section */
		D88A154B1CB2A0FA00CAC6F0 /* do_while */ = {isa = PBXFileReference; explicitFileType = "compiled.mach-o.executable"; includeInIndex = 0; path = do_while; sourceTree = BUILT_PRODUCTS_DIR; };
		D88A154E1CB2A0FA00CAC6F0 /* main.cpp */ = {isa = PBXFileReference; lastKnownFileType = sourcecode.cpp.cpp; path = main.cpp; sourceTree = "<group>"; };
/* End PBXFileReference section */

/* Begin PBXFrameworksBuildPhase section */
		D88A15481CB2A0FA00CAC6F0 /* Frameworks */ = {
			isa = PBXFrameworksBuildPhase;
			buildActionMask = 2147483647;
			files = (
			);
			runOnlyForDeploymentPostprocessing = 0;
		};
/* End PBXFrameworksBuildPhase section */

/* Begin PBXGroup section */
		D88A15421CB2A0FA00CAC6F0 = {
			isa = PBXGroup;
			children = (
				D88A154D1CB2A0FA00CAC6F0 /* do_while */,
				D88A154C1CB2A0FA00CAC6F0 /* Products */,
			);
			sourceTree = "<group>";
		};
		D88A154C1CB2A0FA00CAC6F0 /* Products */ = {
			isa = PBXGroup;
			children = (
				D88A154B1CB2A0FA00CAC6F0 /* do_while */,
			);
			name = Products;
			sourceTree = "<group>";
		};
		D88A154D1CB2A0FA00CAC6F0 /* do_while */ = {
			isa = PBXGroup;
			children = (
				D88A154E1CB2A0FA00CAC6F0 /* main.cpp */,
			);
			path = do_while;
			sourceTree = "<group>";
		};
/* End PBXGroup section */

/* Begin PBXNativeTarget section */
		D88A154A1CB2A0FA00CAC6F0 /* do_while */ = {
			isa = PBXNativeTarget;
			buildConfigurationList = D88A15521CB2A0FA00CAC6F0 /* Build configuration list for PBXNativeTarget "do_while" */;
			buildPhases = (
				D88A15471CB2A0FA00CAC6F0 /* Sources */,
				D88A15481CB2A0FA00CAC6F0 /* Frameworks */,
				D88A15491CB2A0FA00CAC6F0 /* CopyFiles */,
			);
			buildRules = (
			);
			dependencies = (
			);
			name = do_while;
			productName = do_while;
			productReference = D88A154B1CB2A0FA00CAC6F0 /* do_while */;
			productType = "com.apple.product-type.tool";
		};
/* End PBXNativeTarget section */

/* Begin PBXProject section */
		D88A15431CB2A0FA00CAC6F0 /* Project object */ = {
			isa = PBXProject;
			attributes = {
				LastUpgradeCheck = 0720;
				ORGANIZATIONNAME = future;
				TargetAttributes = {
					D88A154A1CB2A0FA00CAC6F0 = {
						CreatedOnToolsVersion = 7.2.1;
					};
				};
			};
			buildConfigurationList = D88A15461CB2A0FA00CAC6F0 /* Build configuration list for PBXProject "do_while" */;
			compatibilityVersion = "Xcode 3.2";
			developmentRegion = English;
			hasScannedForEncodings = 0;
			knownRegions = (
				en,
			);
			mainGroup = D88A15421CB2A0FA00CAC6F0;
			productRefGroup = D88A154C1CB2A0FA00CAC6F0 /* Products */;
			projectDirPath = "";
			projectRoot = "";
			targets = (
				D88A154A1CB2A0FA00CAC6F0 /* do_while */,
			);
		};
/* End PBXProject section */

/* Begin PBXSourcesBuildPhase section */
		D88A15471CB2A0FA00CAC6F0 /* Sources */ = {
			isa = PBXSourcesBuildPhase;
			buildActionMask = 2147483647;
			files = (
				D88A154F1CB2A0FA00CAC6F0 /* main.cpp in Sources */,
			);
			runOnlyForDeploymentPostprocessing = 0;
		};
/* End PBXSourcesBuildPhase section */

/* Begin XCBuildConfiguration section */
		D88A15501CB2A0FA00CAC6F0 /* Debug */ = {
			isa = XCBuildConfiguration;
			buildSettings = {
				ALWAYS_SEARCH_USER_PATHS = NO;
				CLANG_CXX_LANGUAGE_STANDARD = "gnu++0x";
				CLANG_CXX_LIBRARY = "libc++";
				CLANG_ENABLE_MODULES = YES;
				CLANG_ENABLE_OBJC_ARC = YES;
				CLANG_WARN_BOOL_CONVERSION = YES;
				CLANG_WARN_CONSTANT_CONVERSION = YES;
				CLANG_WARN_DIRECT_OBJC_ISA_USAGE = YES_ERROR;
				CLANG_WARN_EMPTY_BODY = YES;
				CLANG_WARN_ENUM_CONVERSION = YES;
				CLANG_WARN_INT_CONVERSION = YES;
				CLANG_WARN_OBJC_ROOT_CLASS = YES_ERROR;
				CLANG_WARN_UNREACHABLE_CODE = YES;
				CLANG_WARN__DUPLICATE_METHOD_MATCH = YES;
				CODE_SIGN_IDENTITY = "-";
				COPY_PHASE_STRIP = NO;
				DEBUG_INFORMATION_FORMAT = dwarf;
				ENABLE_STRICT_OBJC_MSGSEND = YES;
				ENABLE_TESTABILITY = YES;
				GCC_C_LANGUAGE_STANDARD = gnu99;
				GCC_DYNAMIC_NO_PIC = NO;
				GCC_NO_COMMON_BLOCKS = YES;
				GCC_OPTIMIZATION_LEVEL = 0;
				GCC_PREPROCESSOR_DEFINITIONS = (
					"DEBUG=1",
					"$(inherited)",
				);
				GCC_WARN_64_TO_32_BIT_CONVERSION = YES;
				GCC_WARN_ABOUT_RETURN_TYPE = YES_ERROR;
				GCC_WARN_UNDECLARED_SELECTOR = YES;
				GCC_WARN_UNINITIALIZED_AUTOS = YES_AGGRESSIVE;
				GCC_WARN_UNUSED_FUNCTION = YES;
				GCC_WARN_UNUSED_VARIABLE = YES;
				MACOSX_DEPLOYMENT_TARGET = 10.11;
				MTL_ENABLE_DEBUG_INFO = YES;
				ONLY_ACTIVE_ARCH = YES;
				SDKROOT = macosx;
			};
			name = Debug;
		};
		D88A15511CB2A0FA00CAC6F0 /* Release */ = {
			isa = XCBuildConfiguration;
			buildSettings = {
				ALWAYS_SEARCH_USER_PATHS = NO;
				CLANG_CXX_LANGUAGE_STANDARD = "gnu++0x";
				CLANG_CXX_LIBRARY = "libc++";
				CLANG_ENABLE_MODULES = YES;
				CLANG_ENABLE_OBJC_ARC = YES;
				CLANG_WARN_BOOL_CONVERSION = YES;
				CLANG_WARN_CONSTANT_CONVERSION = YES;
				CLANG_WARN_DIRECT_OBJC_ISA_USAGE = YES_ERROR;
				CLANG_WARN_EMPTY_BODY = YES;
				CLANG_WARN_ENUM_CONVERSION = YES;
				CLANG_WARN_INT_CONVERSION = YES;
				CLANG_WARN_OBJC_ROOT_CLASS = YES_ERROR;
				CLANG_WARN_UNREACHABLE_CODE = YES;
				CLANG_WARN__DUPLICATE_METHOD_MATCH = YES;
				CODE_SIGN_IDENTITY = "-";
				COPY_PHASE_STRIP = NO;
				DEBUG_INFORMATION_FORMAT = "dwarf-with-dsym";
				ENABLE_NS_ASSERTIONS = NO;
				ENABLE_STRICT_OBJC_MSGSEND = YES;
				GCC_C_LANGUAGE_STANDARD = gnu99;
				GCC_NO_COMMON_BLOCKS = YES;
				GCC_WARN_64_TO_32_BIT_CONVERSION = YES;
				GCC_WARN_ABOUT_RETURN_TYPE = YES_ERROR;
				GCC_WARN_UNDECLARED_SELECTOR = YES;
				GCC_WARN_UNINITIALIZED_AUTOS = YES_AGGRESSIVE;
				GCC_WARN_UNUSED_FUNCTION = YES;
				GCC_WARN_UNUSED_VARIABLE = YES;
				MACOSX_DEPLOYMENT_TARGET = 10.11;
				MTL_ENABLE_DEBUG_INFO = NO;
				SDKROOT = macosx;
			};
			name = Release;
		};
		D88A15531CB2A0FA00CAC6F0 /* Debug */ = {
			isa = XCBuildConfiguration;
			buildSettings = {
				PRODUCT_NAME = "$(TARGET_NAME)";
			};
			name = Debug;
		};
		D88A15541CB2A0FA00CAC6F0 /* Release */ = {
			isa = XCBuildConfiguration;
			buildSettings = {
				PRODUCT_NAME = "$(TARGET_NAME)";
			};
			name = Release;
		};
/* End XCBuildConfiguration section */

/* Begin XCConfigurationList section */
		D88A15461CB2A0FA00CAC6F0 /* Build configuration list for PBXProject "do_while" */ = {
			isa = XCConfigurationList;
			buildConfigurations = (
				D88A15501CB2A0FA00CAC6F0 /* Debug */,
				D88A15511CB2A0FA00CAC6F0 /* Release */,
			);
			defaultConfigurationIsVisible = 0;
			defaultConfigurationName = Release;
		};
		D88A15521CB2A0FA00CAC6F0 /* Build configuration list for PBXNativeTarget "do_while" */ = {
			isa = XCConfigurationList;
			buildConfigurations = (
				D88A15531CB2A0FA00CAC6F0 /* Debug */,
				D88A15541CB2A0FA00CAC6F0 /* Release */,
			);
			defaultConfigurationIsVisible = 0;
		};
/* End XCConfigurationList section */
	};
	rootObject = D88A15431CB2A0FA00CAC6F0 /* Project object */;
}
